// !$*UTF8*$!
{
	archiveVersion = 1;
	classes = {
	};
	objectVersion = 55;
	objects = {

/* Begin PBXBuildFile section */
		F11124DB27FAE955007E8358 /* hash_bestAlbum.swift in Sources */ = {isa = PBXBuildFile; fileRef = F11124DA27FAE954007E8358 /* hash_bestAlbum.swift */; };
		F1262A2527E2F0EF000D29AC /* AppDelegate.swift in Sources */ = {isa = PBXBuildFile; fileRef = F1262A2427E2F0EF000D29AC /* AppDelegate.swift */; };
		F1262A2727E2F0EF000D29AC /* SceneDelegate.swift in Sources */ = {isa = PBXBuildFile; fileRef = F1262A2627E2F0EF000D29AC /* SceneDelegate.swift */; };
		F1262A2927E2F0EF000D29AC /* ViewController.swift in Sources */ = {isa = PBXBuildFile; fileRef = F1262A2827E2F0EF000D29AC /* ViewController.swift */; };
		F1262A2C27E2F0EF000D29AC /* Main.storyboard in Resources */ = {isa = PBXBuildFile; fileRef = F1262A2A27E2F0EF000D29AC /* Main.storyboard */; };
		F1262A2E27E2F0F1000D29AC /* Assets.xcassets in Resources */ = {isa = PBXBuildFile; fileRef = F1262A2D27E2F0F1000D29AC /* Assets.xcassets */; };
		F1262A3127E2F0F1000D29AC /* LaunchScreen.storyboard in Resources */ = {isa = PBXBuildFile; fileRef = F1262A2F27E2F0F1000D29AC /* LaunchScreen.storyboard */; };
		F1262A4427E2F248000D29AC /* baeckjoon_1904.swift in Sources */ = {isa = PBXBuildFile; fileRef = F1262A4227E2F248000D29AC /* baeckjoon_1904.swift */; };
		F1262A4527E2F248000D29AC /* baeckjoon_18258.swift in Sources */ = {isa = PBXBuildFile; fileRef = F1262A4327E2F248000D29AC /* baeckjoon_18258.swift */; };
		F1262A4827E2F66D000D29AC /* sort_kthNumber.swift in Sources */ = {isa = PBXBuildFile; fileRef = F1262A4727E2F66D000D29AC /* sort_kthNumber.swift */; };
		F1262A4A27E32D5C000D29AC /* sort_biggestNumber .swift in Sources */ = {isa = PBXBuildFile; fileRef = F1262A4927E32D5C000D29AC /* sort_biggestNumber .swift */; };
		F1262A4C27E40E04000D29AC /* sort_HIndex.swift in Sources */ = {isa = PBXBuildFile; fileRef = F1262A4B27E40E04000D29AC /* sort_HIndex.swift */; };
		F129F13028129F3B00AF6B5D /* 2021 Dev-Matching_lotto.swift in Sources */ = {isa = PBXBuildFile; fileRef = F129F12F28129F3B00AF6B5D /* 2021 Dev-Matching_lotto.swift */; };
		F177C32E281660A200FACD44 /* innerMultiplication .swift in Sources */ = {isa = PBXBuildFile; fileRef = F177C32D281660A200FACD44 /* innerMultiplication .swift */; };
		F177C3312816640B00FACD44 /* plusNumber.swift in Sources */ = {isa = PBXBuildFile; fileRef = F177C3302816640B00FACD44 /* plusNumber.swift */; };
		F177C33328166F1400FACD44 /* isPrime.swift in Sources */ = {isa = PBXBuildFile; fileRef = F177C33228166F1400FACD44 /* isPrime.swift */; };
		F191607327EB0C6A004AE7F0 /* hash_spy.swift in Sources */ = {isa = PBXBuildFile; fileRef = F191607227EB0C6A004AE7F0 /* hash_spy.swift */; };
		F1D33B8C28128F0B004371CB /* 2022_kakao_report.swift in Sources */ = {isa = PBXBuildFile; fileRef = F1D33B8B28128F0A004371CB /* 2022_kakao_report.swift */; };
/* End PBXBuildFile section */

/* Begin PBXFileReference section */
		F11124DA27FAE954007E8358 /* hash_bestAlbum.swift */ = {isa = PBXFileReference; lastKnownFileType = sourcecode.swift; path = hash_bestAlbum.swift; sourceTree = "<group>"; };
		F1262A2127E2F0EF000D29AC /* Programmers_Algorithm_Swift.app */ = {isa = PBXFileReference; explicitFileType = wrapper.application; includeInIndex = 0; path = Programmers_Algorithm_Swift.app; sourceTree = BUILT_PRODUCTS_DIR; };
		F1262A2427E2F0EF000D29AC /* AppDelegate.swift */ = {isa = PBXFileReference; lastKnownFileType = sourcecode.swift; path = AppDelegate.swift; sourceTree = "<group>"; };
		F1262A2627E2F0EF000D29AC /* SceneDelegate.swift */ = {isa = PBXFileReference; lastKnownFileType = sourcecode.swift; path = SceneDelegate.swift; sourceTree = "<group>"; };
		F1262A2827E2F0EF000D29AC /* ViewController.swift */ = {isa = PBXFileReference; lastKnownFileType = sourcecode.swift; path = ViewController.swift; sourceTree = "<group>"; };
		F1262A2B27E2F0EF000D29AC /* Base */ = {isa = PBXFileReference; lastKnownFileType = file.storyboard; name = Base; path = Base.lproj/Main.storyboard; sourceTree = "<group>"; };
		F1262A2D27E2F0F1000D29AC /* Assets.xcassets */ = {isa = PBXFileReference; lastKnownFileType = folder.assetcatalog; path = Assets.xcassets; sourceTree = "<group>"; };
		F1262A3027E2F0F1000D29AC /* Base */ = {isa = PBXFileReference; lastKnownFileType = file.storyboard; name = Base; path = Base.lproj/LaunchScreen.storyboard; sourceTree = "<group>"; };
		F1262A3227E2F0F1000D29AC /* Info.plist */ = {isa = PBXFileReference; lastKnownFileType = text.plist.xml; path = Info.plist; sourceTree = "<group>"; };
		F1262A4227E2F248000D29AC /* baeckjoon_1904.swift */ = {isa = PBXFileReference; fileEncoding = 4; lastKnownFileType = sourcecode.swift; path = baeckjoon_1904.swift; sourceTree = "<group>"; };
		F1262A4327E2F248000D29AC /* baeckjoon_18258.swift */ = {isa = PBXFileReference; fileEncoding = 4; lastKnownFileType = sourcecode.swift; path = baeckjoon_18258.swift; sourceTree = "<group>"; };
		F1262A4727E2F66D000D29AC /* sort_kthNumber.swift */ = {isa = PBXFileReference; lastKnownFileType = sourcecode.swift; path = sort_kthNumber.swift; sourceTree = "<group>"; };
		F1262A4927E32D5C000D29AC /* sort_biggestNumber .swift */ = {isa = PBXFileReference; lastKnownFileType = sourcecode.swift; path = "sort_biggestNumber .swift"; sourceTree = "<group>"; };
		F1262A4B27E40E04000D29AC /* sort_HIndex.swift */ = {isa = PBXFileReference; lastKnownFileType = sourcecode.swift; path = sort_HIndex.swift; sourceTree = "<group>"; };
		F129F12F28129F3B00AF6B5D /* 2021 Dev-Matching_lotto.swift */ = {isa = PBXFileReference; lastKnownFileType = sourcecode.swift; path = "2021 Dev-Matching_lotto.swift"; sourceTree = "<group>"; };
		F177C32D281660A200FACD44 /* innerMultiplication .swift */ = {isa = PBXFileReference; lastKnownFileType = sourcecode.swift; path = "innerMultiplication .swift"; sourceTree = "<group>"; };
		F177C3302816640B00FACD44 /* plusNumber.swift */ = {isa = PBXFileReference; lastKnownFileType = sourcecode.swift; path = plusNumber.swift; sourceTree = "<group>"; };
		F177C33228166F1400FACD44 /* isPrime.swift */ = {isa = PBXFileReference; lastKnownFileType = sourcecode.swift; path = isPrime.swift; sourceTree = "<group>"; };
		F191607227EB0C6A004AE7F0 /* hash_spy.swift */ = {isa = PBXFileReference; lastKnownFileType = sourcecode.swift; path = hash_spy.swift; sourceTree = "<group>"; };
		F1D33B8B28128F0A004371CB /* 2022_kakao_report.swift */ = {isa = PBXFileReference; lastKnownFileType = sourcecode.swift; path = 2022_kakao_report.swift; sourceTree = "<group>"; };
/* End PBXFileReference section */

/* Begin PBXFrameworksBuildPhase section */
		F1262A1E27E2F0EF000D29AC /* Frameworks */ = {
			isa = PBXFrameworksBuildPhase;
			buildActionMask = 2147483647;
			files = (
			);
			runOnlyForDeploymentPostprocessing = 0;
		};
/* End PBXFrameworksBuildPhase section */

/* Begin PBXGroup section */
		F1262A1827E2F0EF000D29AC = {
			isa = PBXGroup;
			children = (
				F1262A2327E2F0EF000D29AC /* Programmers_Algorithm_Swift */,
				F1262A2227E2F0EF000D29AC /* Products */,
			);
			sourceTree = "<group>";
		};
		F1262A2227E2F0EF000D29AC /* Products */ = {
			isa = PBXGroup;
			children = (
				F1262A2127E2F0EF000D29AC /* Programmers_Algorithm_Swift.app */,
			);
			name = Products;
			sourceTree = "<group>";
		};
		F1262A2327E2F0EF000D29AC /* Programmers_Algorithm_Swift */ = {
			isa = PBXGroup;
			children = (
				F1262A4627E2F5F6000D29AC /* programmers */,
				F1262A3D27E2F14F000D29AC /* baeckjoon */,
				F1262A2427E2F0EF000D29AC /* AppDelegate.swift */,
				F1262A2627E2F0EF000D29AC /* SceneDelegate.swift */,
				F1262A2827E2F0EF000D29AC /* ViewController.swift */,
				F1262A2A27E2F0EF000D29AC /* Main.storyboard */,
				F1262A2D27E2F0F1000D29AC /* Assets.xcassets */,
				F1262A2F27E2F0F1000D29AC /* LaunchScreen.storyboard */,
				F1262A3227E2F0F1000D29AC /* Info.plist */,
			);
			path = Programmers_Algorithm_Swift;
			sourceTree = "<group>";
		};
		F1262A3D27E2F14F000D29AC /* baeckjoon */ = {
			isa = PBXGroup;
			children = (
				F1262A4227E2F248000D29AC /* baeckjoon_1904.swift */,
				F1262A4327E2F248000D29AC /* baeckjoon_18258.swift */,
			);
			name = baeckjoon;
			path = Programmers_Algorithm_Swift/baeckjoon;
			sourceTree = SOURCE_ROOT;
		};
		F1262A4627E2F5F6000D29AC /* programmers */ = {
			isa = PBXGroup;
			children = (
				F177C32F281660A800FACD44 /* Monthly Code Challenge  */,
				F1262A4727E2F66D000D29AC /* sort_kthNumber.swift */,
				F1262A4927E32D5C000D29AC /* sort_biggestNumber .swift */,
				F1262A4B27E40E04000D29AC /* sort_HIndex.swift */,
				F191607227EB0C6A004AE7F0 /* hash_spy.swift */,
				F11124DA27FAE954007E8358 /* hash_bestAlbum.swift */,
				F1D33B8B28128F0A004371CB /* 2022_kakao_report.swift */,
				F129F12F28129F3B00AF6B5D /* 2021 Dev-Matching_lotto.swift */,
			);
			path = programmers;
			sourceTree = "<group>";
		};
		F177C32F281660A800FACD44 /* Monthly Code Challenge  */ = {
			isa = PBXGroup;
			children = (
				F177C32D281660A200FACD44 /* innerMultiplication .swift */,
				F177C3302816640B00FACD44 /* plusNumber.swift */,
				F177C33228166F1400FACD44 /* isPrime.swift */,
			);
			path = "Monthly Code Challenge ";
			sourceTree = "<group>";
		};
/* End PBXGroup section */

/* Begin PBXNativeTarget section */
		F1262A2027E2F0EF000D29AC /* Programmers_Algorithm_Swift */ = {
			isa = PBXNativeTarget;
			buildConfigurationList = F1262A3527E2F0F1000D29AC /* Build configuration list for PBXNativeTarget "Programmers_Algorithm_Swift" */;
			buildPhases = (
				F1262A1D27E2F0EF000D29AC /* Sources */,
				F1262A1E27E2F0EF000D29AC /* Frameworks */,
				F1262A1F27E2F0EF000D29AC /* Resources */,
			);
			buildRules = (
			);
			dependencies = (
			);
			name = Programmers_Algorithm_Swift;
			productName = Programmers_Algorithm_Swift;
			productReference = F1262A2127E2F0EF000D29AC /* Programmers_Algorithm_Swift.app */;
			productType = "com.apple.product-type.application";
		};
/* End PBXNativeTarget section */

/* Begin PBXProject section */
		F1262A1927E2F0EF000D29AC /* Project object */ = {
			isa = PBXProject;
			attributes = {
				BuildIndependentTargetsInParallel = 1;
				LastSwiftUpdateCheck = 1320;
				LastUpgradeCheck = 1320;
				TargetAttributes = {
					F1262A2027E2F0EF000D29AC = {
						CreatedOnToolsVersion = 13.2.1;
					};
				};
			};
			buildConfigurationList = F1262A1C27E2F0EF000D29AC /* Build configuration list for PBXProject "Programmers_Algorithm_Swift" */;
			compatibilityVersion = "Xcode 13.0";
			developmentRegion = en;
			hasScannedForEncodings = 0;
			knownRegions = (
				en,
				Base,
			);
			mainGroup = F1262A1827E2F0EF000D29AC;
			productRefGroup = F1262A2227E2F0EF000D29AC /* Products */;
			projectDirPath = "";
			projectRoot = "";
			targets = (
				F1262A2027E2F0EF000D29AC /* Programmers_Algorithm_Swift */,
			);
		};
/* End PBXProject section */

/* Begin PBXResourcesBuildPhase section */
		F1262A1F27E2F0EF000D29AC /* Resources */ = {
			isa = PBXResourcesBuildPhase;
			buildActionMask = 2147483647;
			files = (
				F1262A3127E2F0F1000D29AC /* LaunchScreen.storyboard in Resources */,
				F1262A2E27E2F0F1000D29AC /* Assets.xcassets in Resources */,
				F1262A2C27E2F0EF000D29AC /* Main.storyboard in Resources */,
			);
			runOnlyForDeploymentPostprocessing = 0;
		};
/* End PBXResourcesBuildPhase section */

/* Begin PBXSourcesBuildPhase section */
		F1262A1D27E2F0EF000D29AC /* Sources */ = {
			isa = PBXSourcesBuildPhase;
			buildActionMask = 2147483647;
			files = (
				F177C33328166F1400FACD44 /* isPrime.swift in Sources */,
				F1262A4A27E32D5C000D29AC /* sort_biggestNumber .swift in Sources */,
				F1D33B8C28128F0B004371CB /* 2022_kakao_report.swift in Sources */,
				F1262A4427E2F248000D29AC /* baeckjoon_1904.swift in Sources */,
				F191607327EB0C6A004AE7F0 /* hash_spy.swift in Sources */,
				F177C3312816640B00FACD44 /* plusNumber.swift in Sources */,
				F177C32E281660A200FACD44 /* innerMultiplication .swift in Sources */,
				F11124DB27FAE955007E8358 /* hash_bestAlbum.swift in Sources */,
				F1262A2927E2F0EF000D29AC /* ViewController.swift in Sources */,
				F1262A4C27E40E04000D29AC /* sort_HIndex.swift in Sources */,
				F1262A4827E2F66D000D29AC /* sort_kthNumber.swift in Sources */,
				F1262A2527E2F0EF000D29AC /* AppDelegate.swift in Sources */,
				F129F13028129F3B00AF6B5D /* 2021 Dev-Matching_lotto.swift in Sources */,
				F1262A4527E2F248000D29AC /* baeckjoon_18258.swift in Sources */,
				F1262A2727E2F0EF000D29AC /* SceneDelegate.swift in Sources */,
			);
			runOnlyForDeploymentPostprocessing = 0;
		};
/* End PBXSourcesBuildPhase section */

/* Begin PBXVariantGroup section */
		F1262A2A27E2F0EF000D29AC /* Main.storyboard */ = {
			isa = PBXVariantGroup;
			children = (
				F1262A2B27E2F0EF000D29AC /* Base */,
			);
			name = Main.storyboard;
			sourceTree = "<group>";
		};
		F1262A2F27E2F0F1000D29AC /* LaunchScreen.storyboard */ = {
			isa = PBXVariantGroup;
			children = (
				F1262A3027E2F0F1000D29AC /* Base */,
			);
			name = LaunchScreen.storyboard;
			sourceTree = "<group>";
		};
/* End PBXVariantGroup section */

/* Begin XCBuildConfiguration section */
		F1262A3327E2F0F1000D29AC /* Debug */ = {
			isa = XCBuildConfiguration;
			buildSettings = {
				ALWAYS_SEARCH_USER_PATHS = NO;
				CLANG_ANALYZER_NONNULL = YES;
				CLANG_ANALYZER_NUMBER_OBJECT_CONVERSION = YES_AGGRESSIVE;
				CLANG_CXX_LANGUAGE_STANDARD = "gnu++17";
				CLANG_CXX_LIBRARY = "libc++";
				CLANG_ENABLE_MODULES = YES;
				CLANG_ENABLE_OBJC_ARC = YES;
				CLANG_ENABLE_OBJC_WEAK = YES;
				CLANG_WARN_BLOCK_CAPTURE_AUTORELEASING = YES;
				CLANG_WARN_BOOL_CONVERSION = YES;
				CLANG_WARN_COMMA = YES;
				CLANG_WARN_CONSTANT_CONVERSION = YES;
				CLANG_WARN_DEPRECATED_OBJC_IMPLEMENTATIONS = YES;
				CLANG_WARN_DIRECT_OBJC_ISA_USAGE = YES_ERROR;
				CLANG_WARN_DOCUMENTATION_COMMENTS = YES;
				CLANG_WARN_EMPTY_BODY = YES;
				CLANG_WARN_ENUM_CONVERSION = YES;
				CLANG_WARN_INFINITE_RECURSION = YES;
				CLANG_WARN_INT_CONVERSION = YES;
				CLANG_WARN_NON_LITERAL_NULL_CONVERSION = YES;
				CLANG_WARN_OBJC_IMPLICIT_RETAIN_SELF = YES;
				CLANG_WARN_OBJC_LITERAL_CONVERSION = YES;
				CLANG_WARN_OBJC_ROOT_CLASS = YES_ERROR;
				CLANG_WARN_QUOTED_INCLUDE_IN_FRAMEWORK_HEADER = YES;
				CLANG_WARN_RANGE_LOOP_ANALYSIS = YES;
				CLANG_WARN_STRICT_PROTOTYPES = YES;
				CLANG_WARN_SUSPICIOUS_MOVE = YES;
				CLANG_WARN_UNGUARDED_AVAILABILITY = YES_AGGRESSIVE;
				CLANG_WARN_UNREACHABLE_CODE = YES;
				CLANG_WARN__DUPLICATE_METHOD_MATCH = YES;
				COPY_PHASE_STRIP = NO;
				DEBUG_INFORMATION_FORMAT = dwarf;
				ENABLE_STRICT_OBJC_MSGSEND = YES;
				ENABLE_TESTABILITY = YES;
				GCC_C_LANGUAGE_STANDARD = gnu11;
				GCC_DYNAMIC_NO_PIC = NO;
				GCC_NO_COMMON_BLOCKS = YES;
				GCC_OPTIMIZATION_LEVEL = 0;
				GCC_PREPROCESSOR_DEFINITIONS = (
					"DEBUG=1",
					"$(inherited)",
				);
				GCC_WARN_64_TO_32_BIT_CONVERSION = YES;
				GCC_WARN_ABOUT_RETURN_TYPE = YES_ERROR;
				GCC_WARN_UNDECLARED_SELECTOR = YES;
				GCC_WARN_UNINITIALIZED_AUTOS = YES_AGGRESSIVE;
				GCC_WARN_UNUSED_FUNCTION = YES;
				GCC_WARN_UNUSED_VARIABLE = YES;
				IPHONEOS_DEPLOYMENT_TARGET = 15.2;
				MTL_ENABLE_DEBUG_INFO = INCLUDE_SOURCE;
				MTL_FAST_MATH = YES;
				ONLY_ACTIVE_ARCH = YES;
				SDKROOT = iphoneos;
				SWIFT_ACTIVE_COMPILATION_CONDITIONS = DEBUG;
				SWIFT_OPTIMIZATION_LEVEL = "-Onone";
			};
			name = Debug;
		};
		F1262A3427E2F0F1000D29AC /* Release */ = {
			isa = XCBuildConfiguration;
			buildSettings = {
				ALWAYS_SEARCH_USER_PATHS = NO;
				CLANG_ANALYZER_NONNULL = YES;
				CLANG_ANALYZER_NUMBER_OBJECT_CONVERSION = YES_AGGRESSIVE;
				CLANG_CXX_LANGUAGE_STANDARD = "gnu++17";
				CLANG_CXX_LIBRARY = "libc++";
				CLANG_ENABLE_MODULES = YES;
				CLANG_ENABLE_OBJC_ARC = YES;
				CLANG_ENABLE_OBJC_WEAK = YES;
				CLANG_WARN_BLOCK_CAPTURE_AUTORELEASING = YES;
				CLANG_WARN_BOOL_CONVERSION = YES;
				CLANG_WARN_COMMA = YES;
				CLANG_WARN_CONSTANT_CONVERSION = YES;
				CLANG_WARN_DEPRECATED_OBJC_IMPLEMENTATIONS = YES;
				CLANG_WARN_DIRECT_OBJC_ISA_USAGE = YES_ERROR;
				CLANG_WARN_DOCUMENTATION_COMMENTS = YES;
				CLANG_WARN_EMPTY_BODY = YES;
				CLANG_WARN_ENUM_CONVERSION = YES;
				CLANG_WARN_INFINITE_RECURSION = YES;
				CLANG_WARN_INT_CONVERSION = YES;
				CLANG_WARN_NON_LITERAL_NULL_CONVERSION = YES;
				CLANG_WARN_OBJC_IMPLICIT_RETAIN_SELF = YES;
				CLANG_WARN_OBJC_LITERAL_CONVERSION = YES;
				CLANG_WARN_OBJC_ROOT_CLASS = YES_ERROR;
				CLANG_WARN_QUOTED_INCLUDE_IN_FRAMEWORK_HEADER = YES;
				CLANG_WARN_RANGE_LOOP_ANALYSIS = YES;
				CLANG_WARN_STRICT_PROTOTYPES = YES;
				CLANG_WARN_SUSPICIOUS_MOVE = YES;
				CLANG_WARN_UNGUARDED_AVAILABILITY = YES_AGGRESSIVE;
				CLANG_WARN_UNREACHABLE_CODE = YES;
				CLANG_WARN__DUPLICATE_METHOD_MATCH = YES;
				COPY_PHASE_STRIP = NO;
				DEBUG_INFORMATION_FORMAT = "dwarf-with-dsym";
				ENABLE_NS_ASSERTIONS = NO;
				ENABLE_STRICT_OBJC_MSGSEND = YES;
				GCC_C_LANGUAGE_STANDARD = gnu11;
				GCC_NO_COMMON_BLOCKS = YES;
				GCC_WARN_64_TO_32_BIT_CONVERSION = YES;
				GCC_WARN_ABOUT_RETURN_TYPE = YES_ERROR;
				GCC_WARN_UNDECLARED_SELECTOR = YES;
				GCC_WARN_UNINITIALIZED_AUTOS = YES_AGGRESSIVE;
				GCC_WARN_UNUSED_FUNCTION = YES;
				GCC_WARN_UNUSED_VARIABLE = YES;
				IPHONEOS_DEPLOYMENT_TARGET = 15.2;
				MTL_ENABLE_DEBUG_INFO = NO;
				MTL_FAST_MATH = YES;
				SDKROOT = iphoneos;
				SWIFT_COMPILATION_MODE = wholemodule;
				SWIFT_OPTIMIZATION_LEVEL = "-O";
				VALIDATE_PRODUCT = YES;
			};
			name = Release;
		};
		F1262A3627E2F0F1000D29AC /* Debug */ = {
			isa = XCBuildConfiguration;
			buildSettings = {
				ASSETCATALOG_COMPILER_APPICON_NAME = AppIcon;
				ASSETCATALOG_COMPILER_GLOBAL_ACCENT_COLOR_NAME = AccentColor;
				CODE_SIGN_STYLE = Automatic;
				CURRENT_PROJECT_VERSION = 1;
				DEVELOPMENT_TEAM = KP6K44TU8Y;
				GENERATE_INFOPLIST_FILE = YES;
				INFOPLIST_FILE = Programmers_Algorithm_Swift/Info.plist;
				INFOPLIST_KEY_UIApplicationSupportsIndirectInputEvents = YES;
				INFOPLIST_KEY_UILaunchStoryboardName = LaunchScreen;
				INFOPLIST_KEY_UIMainStoryboardFile = Main;
				INFOPLIST_KEY_UISupportedInterfaceOrientations_iPad = "UIInterfaceOrientationPortrait UIInterfaceOrientationPortraitUpsideDown UIInterfaceOrientationLandscapeLeft UIInterfaceOrientationLandscapeRight";
				INFOPLIST_KEY_UISupportedInterfaceOrientations_iPhone = "UIInterfaceOrientationPortrait UIInterfaceOrientationLandscapeLeft UIInterfaceOrientationLandscapeRight";
				LD_RUNPATH_SEARCH_PATHS = (
					"$(inherited)",
					"@executable_path/Frameworks",
				);
				MARKETING_VERSION = 1.0;
				PRODUCT_BUNDLE_IDENTIFIER = "com.miso.Programmers-Algorithm-Swift";
				PRODUCT_NAME = "$(TARGET_NAME)";
				SWIFT_EMIT_LOC_STRINGS = YES;
				SWIFT_VERSION = 5.0;
				TARGETED_DEVICE_FAMILY = "1,2";
			};
			name = Debug;
		};
		F1262A3727E2F0F1000D29AC /* Release */ = {
			isa = XCBuildConfiguration;
			buildSettings = {
				ASSETCATALOG_COMPILER_APPICON_NAME = AppIcon;
				ASSETCATALOG_COMPILER_GLOBAL_ACCENT_COLOR_NAME = AccentColor;
				CODE_SIGN_STYLE = Automatic;
				CURRENT_PROJECT_VERSION = 1;
				DEVELOPMENT_TEAM = KP6K44TU8Y;
				GENERATE_INFOPLIST_FILE = YES;
				INFOPLIST_FILE = Programmers_Algorithm_Swift/Info.plist;
				INFOPLIST_KEY_UIApplicationSupportsIndirectInputEvents = YES;
				INFOPLIST_KEY_UILaunchStoryboardName = LaunchScreen;
				INFOPLIST_KEY_UIMainStoryboardFile = Main;
				INFOPLIST_KEY_UISupportedInterfaceOrientations_iPad = "UIInterfaceOrientationPortrait UIInterfaceOrientationPortraitUpsideDown UIInterfaceOrientationLandscapeLeft UIInterfaceOrientationLandscapeRight";
				INFOPLIST_KEY_UISupportedInterfaceOrientations_iPhone = "UIInterfaceOrientationPortrait UIInterfaceOrientationLandscapeLeft UIInterfaceOrientationLandscapeRight";
				LD_RUNPATH_SEARCH_PATHS = (
					"$(inherited)",
					"@executable_path/Frameworks",
				);
				MARKETING_VERSION = 1.0;
				PRODUCT_BUNDLE_IDENTIFIER = "com.miso.Programmers-Algorithm-Swift";
				PRODUCT_NAME = "$(TARGET_NAME)";
				SWIFT_EMIT_LOC_STRINGS = YES;
				SWIFT_VERSION = 5.0;
				TARGETED_DEVICE_FAMILY = "1,2";
			};
			name = Release;
		};
/* End XCBuildConfiguration section */

/* Begin XCConfigurationList section */
		F1262A1C27E2F0EF000D29AC /* Build configuration list for PBXProject "Programmers_Algorithm_Swift" */ = {
			isa = XCConfigurationList;
			buildConfigurations = (
				F1262A3327E2F0F1000D29AC /* Debug */,
				F1262A3427E2F0F1000D29AC /* Release */,
			);
			defaultConfigurationIsVisible = 0;
			defaultConfigurationName = Release;
		};
		F1262A3527E2F0F1000D29AC /* Build configuration list for PBXNativeTarget "Programmers_Algorithm_Swift" */ = {
			isa = XCConfigurationList;
			buildConfigurations = (
				F1262A3627E2F0F1000D29AC /* Debug */,
				F1262A3727E2F0F1000D29AC /* Release */,
			);
			defaultConfigurationIsVisible = 0;
			defaultConfigurationName = Release;
		};
/* End XCConfigurationList section */
	};
	rootObject = F1262A1927E2F0EF000D29AC /* Project object */;
}
